
Microsoft Visual Studio Solution File, Format Version 12.00
# Visual Studio Version 17
VisualStudioVersion = 17.0.31521.260
MinimumVisualStudioVersion = 10.0.40219.1
Project("{9A19103F-16F7-4668-BE54-9A1E7A4F7556}") = "Blip.Client", "Blip.Client.csproj", "{761EAD30-2E5F-40D3-8452-B5C7E0BFBFF6}"
EndProject
Global
	GlobalSection(SolutionConfigurationPlatforms) = preSolution
		Debug|Any CPU = Debug|Any CPU
		Release|Any CPU = Release|Any CPU
	EndGlobalSection
	GlobalSection(ProjectConfigurationPlatforms) = postSolution
		{761EAD30-2E5F-40D3-8452-B5C7E0BFBFF6}.Debug|Any CPU.ActiveCfg = Debug|Any CPU
		{761EAD30-2E5F-40D3-8452-B5C7E0BFBFF6}.Debug|Any CPU.Build.0 = Debug|Any CPU
		{761EAD30-2E5F-40D3-8452-B5C7E0BFBFF6}.Release|Any CPU.ActiveCfg = Release|Any CPU
		{761EAD30-2E5F-40D3-8452-B5C7E0BFBFF6}.Release|Any CPU.Build.0 = Release|Any CPU
	EndGlobalSection
	GlobalSection(SolutionProperties) = preSolution
		HideSolutionNode = FALSE
	EndGlobalSection
	GlobalSection(ExtensibilityGlobals) = postSolution
		SolutionGuid = {34FFE1B4-2982-46A2-B04B-069744EF0783}
	EndGlobalSection
EndGlobal
